
Microsoft Visual Studio Solution File, Format Version 12.00
# Visual Studio 15
VisualStudioVersion = 15.0.28307.645
MinimumVisualStudioVersion = 10.0.40219.1
Project("{FAE04EC0-301F-11D3-BF4B-00C04F79EFBC}") = "PEProtocol", "PEProtocol\PEProtocol.csproj", "{2C8957FB-D9BB-46E2-8020-F5AC219E9027}"
EndProject
Project("{FAE04EC0-301F-11D3-BF4B-00C04F79EFBC}") = "PETimer", "PETimer\PETimer.csproj", "{0D824310-EE71-4102-AB44-9A8465DAECA7}"
EndProject
Project("{FAE04EC0-301F-11D3-BF4B-00C04F79EFBC}") = "Server", "Server\Server.csproj", "{B198DD5B-8B80-45A2-A8A8-61FE1AC89C68}"
EndProject
Global
	GlobalSection(SolutionConfigurationPlatforms) = preSolution
		Debug|Any CPU = Debug|Any CPU
		Release|Any CPU = Release|Any CPU
	EndGlobalSection
	GlobalSection(ProjectConfigurationPlatforms) = postSolution
		{2C8957FB-D9BB-46E2-8020-F5AC219E9027}.Debug|Any CPU.ActiveCfg = Debug|Any CPU
		{2C8957FB-D9BB-46E2-8020-F5AC219E9027}.Debug|Any CPU.Build.0 = Debug|Any CPU
		{2C8957FB-D9BB-46E2-8020-F5AC219E9027}.Release|Any CPU.ActiveCfg = Release|Any CPU
		{2C8957FB-D9BB-46E2-8020-F5AC219E9027}.Release|Any CPU.Build.0 = Release|Any CPU
		{0D824310-EE71-4102-AB44-9A8465DAECA7}.Debug|Any CPU.ActiveCfg = Debug|Any CPU
		{0D824310-EE71-4102-AB44-9A8465DAECA7}.Debug|Any CPU.Build.0 = Debug|Any CPU
		{0D824310-EE71-4102-AB44-9A8465DAECA7}.Release|Any CPU.ActiveCfg = Release|Any CPU
		{0D824310-EE71-4102-AB44-9A8465DAECA7}.Release|Any CPU.Build.0 = Release|Any CPU
		{B198DD5B-8B80-45A2-A8A8-61FE1AC89C68}.Debug|Any CPU.ActiveCfg = Debug|Any CPU
		{B198DD5B-8B80-45A2-A8A8-61FE1AC89C68}.Debug|Any CPU.Build.0 = Debug|Any CPU
		{B198DD5B-8B80-45A2-A8A8-61FE1AC89C68}.Release|Any CPU.ActiveCfg = Release|Any CPU
		{B198DD5B-8B80-45A2-A8A8-61FE1AC89C68}.Release|Any CPU.Build.0 = Release|Any CPU
	EndGlobalSection
	GlobalSection(SolutionProperties) = preSolution
		HideSolutionNode = FALSE
	EndGlobalSection
	GlobalSection(ExtensibilityGlobals) = postSolution
		SolutionGuid = {0758C92B-2B69-4AA9-9946-DBEA27E1F321}
	EndGlobalSection
EndGlobal
